# This file was autogenerated by Stack.
# You should not edit this file by hand.
# For more information, please see the documentation at:
#   https://docs.haskellstack.org/en/stable/lock_files

packages:
- completed:
    hackage: amqp-worker-0.2.5@sha256:59d6454305e9d416a20420c65119a5b4f988d0aea69f4c0d97b5c61205313059,1930
    pantry-tree:
      size: 772
      sha256: a158130e099855f6b560cbbf1a7f8803f105f0a722943b998703eb3498a4879e
  original:
    hackage: amqp-worker-0.2.5@sha256:59d6454305e9d416a20420c65119a5b4f988d0aea69f4c0d97b5c61205313059,1930
snapshots:
- completed:
    size: 524996
    url: https://raw.githubusercontent.com/commercialhaskell/stackage-snapshots/master/lts/14/27.yaml
    sha256: 7ea31a280c56bf36ff591a7397cc384d0dff622e7f9e4225b47d8980f019a0f0
  original: lts-14.27
